
Microsoft Visual Studio Solution File, Format Version 12.00
# Visual Studio 14
VisualStudioVersion = 14.0.24720.0
MinimumVisualStudioVersion = 10.0.40219.1
Project("{2150E333-8FDC-42A3-9474-1A3956D46DE8}") = "Financiamento", "Financiamento", "{55D1EB56-2C6B-4455-8CFC-A1E56C64A383}"
EndProject
Project("{FAE04EC0-301F-11D3-BF4B-00C04F79EFBC}") = "CredPlus.Financiamento", "Financiamento\CredPlus.Financiamento\CredPlus.Financiamento.csproj", "{F580F2C8-A87B-4A5D-BBE1-ADB235D9C711}"
EndProject
Project("{FAE04EC0-301F-11D3-BF4B-00C04F79EFBC}") = "CredPlus.Financiamento.Tests", "Financiamento\CredPlus.Financiamento.Tests\CredPlus.Financiamento.Tests.csproj", "{75E8F0B2-0BD5-4482-AC7E-0BB47979C07A}"
EndProject
Project("{2150E333-8FDC-42A3-9474-1A3956D46DE8}") = "Análise de Crédito", "Análise de Crédito", "{6D8B3BB3-D2D4-4D18-A101-B5C483004DC9}"
EndProject
Project("{2150E333-8FDC-42A3-9474-1A3956D46DE8}") = "Captação de Clientes", "Captação de Clientes", "{822F6B69-B754-4432-9CA5-35D995E1608B}"
EndProject
Project("{2150E333-8FDC-42A3-9474-1A3956D46DE8}") = "Domínio", "Domínio", "{78F75CE4-9B38-45F1-86BB-99005031D331}"
EndProject
Project("{2150E333-8FDC-42A3-9474-1A3956D46DE8}") = "Compartilhado", "Compartilhado", "{1AB49F75-5AF1-4481-8A0A-A2D2C9629599}"
EndProject
Project("{FAE04EC0-301F-11D3-BF4B-00C04F79EFBC}") = "CredPlus.Compartilhado", "Compartilhado\CredPlus.Compartilhado\CredPlus.Compartilhado.csproj", "{4FC19490-D182-4B88-BAD5-85E7BC6B5A87}"
EndProject
Project("{FAE04EC0-301F-11D3-BF4B-00C04F79EFBC}") = "CredPlus.AvaliacaoCredito", "Avalicao\CredPlus.AvaliacaoCredito\CredPlus.AvaliacaoCredito.csproj", "{1F43AEFC-E13E-404A-B124-BA6971B5EC1B}"
EndProject
Project("{FAE04EC0-301F-11D3-BF4B-00C04F79EFBC}") = "CredPlus.AvaliacaoCredito.Tests", "CredPlus.AvaliacaoCredito.Tests\CredPlus.AvaliacaoCredito.Tests.csproj", "{D16E9C01-C5DD-4D25-9D49-C478A0F9FA14}"
EndProject
Global
	GlobalSection(SolutionConfigurationPlatforms) = preSolution
		Debug|Any CPU = Debug|Any CPU
		Release|Any CPU = Release|Any CPU
	EndGlobalSection
	GlobalSection(ProjectConfigurationPlatforms) = postSolution
		{F580F2C8-A87B-4A5D-BBE1-ADB235D9C711}.Debug|Any CPU.ActiveCfg = Debug|Any CPU
		{F580F2C8-A87B-4A5D-BBE1-ADB235D9C711}.Debug|Any CPU.Build.0 = Debug|Any CPU
		{F580F2C8-A87B-4A5D-BBE1-ADB235D9C711}.Release|Any CPU.ActiveCfg = Release|Any CPU
		{F580F2C8-A87B-4A5D-BBE1-ADB235D9C711}.Release|Any CPU.Build.0 = Release|Any CPU
		{75E8F0B2-0BD5-4482-AC7E-0BB47979C07A}.Debug|Any CPU.ActiveCfg = Debug|Any CPU
		{75E8F0B2-0BD5-4482-AC7E-0BB47979C07A}.Debug|Any CPU.Build.0 = Debug|Any CPU
		{75E8F0B2-0BD5-4482-AC7E-0BB47979C07A}.Release|Any CPU.ActiveCfg = Release|Any CPU
		{75E8F0B2-0BD5-4482-AC7E-0BB47979C07A}.Release|Any CPU.Build.0 = Release|Any CPU
		{4FC19490-D182-4B88-BAD5-85E7BC6B5A87}.Debug|Any CPU.ActiveCfg = Debug|Any CPU
		{4FC19490-D182-4B88-BAD5-85E7BC6B5A87}.Debug|Any CPU.Build.0 = Debug|Any CPU
		{4FC19490-D182-4B88-BAD5-85E7BC6B5A87}.Release|Any CPU.ActiveCfg = Release|Any CPU
		{4FC19490-D182-4B88-BAD5-85E7BC6B5A87}.Release|Any CPU.Build.0 = Release|Any CPU
		{1F43AEFC-E13E-404A-B124-BA6971B5EC1B}.Debug|Any CPU.ActiveCfg = Debug|Any CPU
		{1F43AEFC-E13E-404A-B124-BA6971B5EC1B}.Debug|Any CPU.Build.0 = Debug|Any CPU
		{1F43AEFC-E13E-404A-B124-BA6971B5EC1B}.Release|Any CPU.ActiveCfg = Release|Any CPU
		{1F43AEFC-E13E-404A-B124-BA6971B5EC1B}.Release|Any CPU.Build.0 = Release|Any CPU
		{D16E9C01-C5DD-4D25-9D49-C478A0F9FA14}.Debug|Any CPU.ActiveCfg = Debug|Any CPU
		{D16E9C01-C5DD-4D25-9D49-C478A0F9FA14}.Debug|Any CPU.Build.0 = Debug|Any CPU
		{D16E9C01-C5DD-4D25-9D49-C478A0F9FA14}.Release|Any CPU.ActiveCfg = Release|Any CPU
		{D16E9C01-C5DD-4D25-9D49-C478A0F9FA14}.Release|Any CPU.Build.0 = Release|Any CPU
	EndGlobalSection
	GlobalSection(SolutionProperties) = preSolution
		HideSolutionNode = FALSE
	EndGlobalSection
	GlobalSection(NestedProjects) = preSolution
		{55D1EB56-2C6B-4455-8CFC-A1E56C64A383} = {78F75CE4-9B38-45F1-86BB-99005031D331}
		{F580F2C8-A87B-4A5D-BBE1-ADB235D9C711} = {55D1EB56-2C6B-4455-8CFC-A1E56C64A383}
		{75E8F0B2-0BD5-4482-AC7E-0BB47979C07A} = {55D1EB56-2C6B-4455-8CFC-A1E56C64A383}
		{6D8B3BB3-D2D4-4D18-A101-B5C483004DC9} = {78F75CE4-9B38-45F1-86BB-99005031D331}
		{822F6B69-B754-4432-9CA5-35D995E1608B} = {78F75CE4-9B38-45F1-86BB-99005031D331}
		{1AB49F75-5AF1-4481-8A0A-A2D2C9629599} = {78F75CE4-9B38-45F1-86BB-99005031D331}
		{4FC19490-D182-4B88-BAD5-85E7BC6B5A87} = {1AB49F75-5AF1-4481-8A0A-A2D2C9629599}
		{1F43AEFC-E13E-404A-B124-BA6971B5EC1B} = {6D8B3BB3-D2D4-4D18-A101-B5C483004DC9}
		{D16E9C01-C5DD-4D25-9D49-C478A0F9FA14} = {6D8B3BB3-D2D4-4D18-A101-B5C483004DC9}
	EndGlobalSection
EndGlobal
